{
  "name": "agent-research-network",
  "version": "0.1.0",
  "lockfileVersion": 3,
  "requires": true,
  "packages": {
    "": {
      "name": "agent-research-network",
      "version": "0.1.0",
      "workspaces": [
        "packages/*",
        "apps/*"
      ],
      "devDependencies": {
        "turbo": "^2.0.12",
        "typescript": "^5.5.4"
      }
    }
  }
}
